
Microsoft Visual Studio Solution File, Format Version 12.00
# Visual Studio Version 16
VisualStudioVersion = 16.0.809.1
MinimumVisualStudioVersion = 10.0.40219.1
Project("{FAE04EC0-301F-11D3-BF4B-00C04F79EFBC}") = "CannaBro.Android", "CannaBro.Android\CannaBro.Android.csproj", "{5B40D19F-77A3-42E3-BF1A-B4F704135BB2}"
EndProject
Project("{FAE04EC0-301F-11D3-BF4B-00C04F79EFBC}") = "CannaBro.iOS", "CannaBro.iOS\CannaBro.iOS.csproj", "{17693011-448F-49DD-858A-BB5A7EF48623}"
EndProject
Project("{FAE04EC0-301F-11D3-BF4B-00C04F79EFBC}") = "CannaBro", "CannaBro\CannaBro.csproj", "{6DC81D79-FB67-401E-AA3F-2EAE18997EED}"
EndProject
Global
	GlobalSection(SolutionConfigurationPlatforms) = preSolution
		Debug|Any CPU = Debug|Any CPU
		Release|Any CPU = Release|Any CPU
		Debug|iPhoneSimulator = Debug|iPhoneSimulator
		Release|iPhoneSimulator = Release|iPhoneSimulator
		Debug|iPhone = Debug|iPhone
		Release|iPhone = Release|iPhone
	EndGlobalSection
	GlobalSection(ProjectConfigurationPlatforms) = postSolution
		{5B40D19F-77A3-42E3-BF1A-B4F704135BB2}.Debug|Any CPU.ActiveCfg = Debug|Any CPU
		{5B40D19F-77A3-42E3-BF1A-B4F704135BB2}.Debug|Any CPU.Build.0 = Debug|Any CPU
		{5B40D19F-77A3-42E3-BF1A-B4F704135BB2}.Release|Any CPU.ActiveCfg = Release|Any CPU
		{5B40D19F-77A3-42E3-BF1A-B4F704135BB2}.Release|Any CPU.Build.0 = Release|Any CPU
		{5B40D19F-77A3-42E3-BF1A-B4F704135BB2}.Debug|iPhoneSimulator.ActiveCfg = Debug|Any CPU
		{5B40D19F-77A3-42E3-BF1A-B4F704135BB2}.Debug|iPhoneSimulator.Build.0 = Debug|Any CPU
		{5B40D19F-77A3-42E3-BF1A-B4F704135BB2}.Release|iPhoneSimulator.ActiveCfg = Release|Any CPU
		{5B40D19F-77A3-42E3-BF1A-B4F704135BB2}.Release|iPhoneSimulator.Build.0 = Release|Any CPU
		{5B40D19F-77A3-42E3-BF1A-B4F704135BB2}.Debug|iPhone.ActiveCfg = Debug|Any CPU
		{5B40D19F-77A3-42E3-BF1A-B4F704135BB2}.Debug|iPhone.Build.0 = Debug|Any CPU
		{5B40D19F-77A3-42E3-BF1A-B4F704135BB2}.Release|iPhone.ActiveCfg = Release|Any CPU
		{5B40D19F-77A3-42E3-BF1A-B4F704135BB2}.Release|iPhone.Build.0 = Release|Any CPU
		{17693011-448F-49DD-858A-BB5A7EF48623}.Debug|Any CPU.ActiveCfg = Debug|iPhoneSimulator
		{17693011-448F-49DD-858A-BB5A7EF48623}.Debug|Any CPU.Build.0 = Debug|iPhoneSimulator
		{17693011-448F-49DD-858A-BB5A7EF48623}.Release|Any CPU.ActiveCfg = Release|iPhoneSimulator
		{17693011-448F-49DD-858A-BB5A7EF48623}.Release|Any CPU.Build.0 = Release|iPhoneSimulator
		{17693011-448F-49DD-858A-BB5A7EF48623}.Debug|iPhoneSimulator.ActiveCfg = Debug|iPhoneSimulator
		{17693011-448F-49DD-858A-BB5A7EF48623}.Debug|iPhoneSimulator.Build.0 = Debug|iPhoneSimulator
		{17693011-448F-49DD-858A-BB5A7EF48623}.Release|iPhoneSimulator.ActiveCfg = Release|iPhoneSimulator
		{17693011-448F-49DD-858A-BB5A7EF48623}.Release|iPhoneSimulator.Build.0 = Release|iPhoneSimulator
		{17693011-448F-49DD-858A-BB5A7EF48623}.Debug|iPhone.ActiveCfg = Debug|iPhone
		{17693011-448F-49DD-858A-BB5A7EF48623}.Debug|iPhone.Build.0 = Debug|iPhone
		{17693011-448F-49DD-858A-BB5A7EF48623}.Release|iPhone.ActiveCfg = Release|iPhone
		{17693011-448F-49DD-858A-BB5A7EF48623}.Release|iPhone.Build.0 = Release|iPhone
		{6DC81D79-FB67-401E-AA3F-2EAE18997EED}.Debug|Any CPU.ActiveCfg = Debug|Any CPU
		{6DC81D79-FB67-401E-AA3F-2EAE18997EED}.Debug|Any CPU.Build.0 = Debug|Any CPU
		{6DC81D79-FB67-401E-AA3F-2EAE18997EED}.Release|Any CPU.ActiveCfg = Release|Any CPU
		{6DC81D79-FB67-401E-AA3F-2EAE18997EED}.Release|Any CPU.Build.0 = Release|Any CPU
		{6DC81D79-FB67-401E-AA3F-2EAE18997EED}.Debug|iPhoneSimulator.ActiveCfg = Debug|Any CPU
		{6DC81D79-FB67-401E-AA3F-2EAE18997EED}.Debug|iPhoneSimulator.Build.0 = Debug|Any CPU
		{6DC81D79-FB67-401E-AA3F-2EAE18997EED}.Release|iPhoneSimulator.ActiveCfg = Release|Any CPU
		{6DC81D79-FB67-401E-AA3F-2EAE18997EED}.Release|iPhoneSimulator.Build.0 = Release|Any CPU
		{6DC81D79-FB67-401E-AA3F-2EAE18997EED}.Debug|iPhone.ActiveCfg = Debug|Any CPU
		{6DC81D79-FB67-401E-AA3F-2EAE18997EED}.Debug|iPhone.Build.0 = Debug|Any CPU
		{6DC81D79-FB67-401E-AA3F-2EAE18997EED}.Release|iPhone.ActiveCfg = Release|Any CPU
		{6DC81D79-FB67-401E-AA3F-2EAE18997EED}.Release|iPhone.Build.0 = Release|Any CPU
	EndGlobalSection
	GlobalSection(SolutionProperties) = preSolution
		HideSolutionNode = FALSE
	EndGlobalSection
	GlobalSection(ExtensibilityGlobals) = postSolution
		SolutionGuid = {8A56E461-3A2F-4C4E-90C2-9AC2B4F5A127}
	EndGlobalSection
EndGlobal
